
Microsoft Visual Studio Solution File, Format Version 12.00
# Visual Studio 15
VisualStudioVersion = 15.0.26124.0
MinimumVisualStudioVersion = 15.0.26124.0
Project("{2150E333-8FDC-42A3-9474-1A3956D46DE8}") = "services", "services", "{8E90FD4F-D463-4550-8EF0-46867B32F7D8}"
EndProject
Project("{FAE04EC0-301F-11D3-BF4B-00C04F79EFBC}") = "Instagram.Common", "services\Instagram.Common\Instagram.Common.csproj", "{F00C4340-0357-40FF-B68E-558BA24AB42A}"
EndProject
Project("{FAE04EC0-301F-11D3-BF4B-00C04F79EFBC}") = "Instagram.Services.User", "services\Instagram.Services.User\Instagram.Services.User.csproj", "{8E28430D-BA13-4459-83F6-837EE93983B3}"
EndProject
Project("{FAE04EC0-301F-11D3-BF4B-00C04F79EFBC}") = "Instagram.Services.Post", "services\Instagram.Services.Post\Instagram.Services.Post.csproj", "{51F64307-B084-451E-8CCD-25A2A1F8D5E7}"
EndProject
Project("{FAE04EC0-301F-11D3-BF4B-00C04F79EFBC}") = "Instagram.ApiGateway", "services\Instagram.ApiGateway\Instagram.ApiGateway.csproj", "{A33FFC1E-5D6C-4680-B725-2E54726B6953}"
EndProject
Global
	GlobalSection(SolutionConfigurationPlatforms) = preSolution
		Debug|Any CPU = Debug|Any CPU
		Debug|x64 = Debug|x64
		Debug|x86 = Debug|x86
		Release|Any CPU = Release|Any CPU
		Release|x64 = Release|x64
		Release|x86 = Release|x86
	EndGlobalSection
	GlobalSection(SolutionProperties) = preSolution
		HideSolutionNode = FALSE
	EndGlobalSection
	GlobalSection(ProjectConfigurationPlatforms) = postSolution
		{F00C4340-0357-40FF-B68E-558BA24AB42A}.Debug|Any CPU.ActiveCfg = Debug|Any CPU
		{F00C4340-0357-40FF-B68E-558BA24AB42A}.Debug|Any CPU.Build.0 = Debug|Any CPU
		{F00C4340-0357-40FF-B68E-558BA24AB42A}.Debug|x64.ActiveCfg = Debug|Any CPU
		{F00C4340-0357-40FF-B68E-558BA24AB42A}.Debug|x64.Build.0 = Debug|Any CPU
		{F00C4340-0357-40FF-B68E-558BA24AB42A}.Debug|x86.ActiveCfg = Debug|Any CPU
		{F00C4340-0357-40FF-B68E-558BA24AB42A}.Debug|x86.Build.0 = Debug|Any CPU
		{F00C4340-0357-40FF-B68E-558BA24AB42A}.Release|Any CPU.ActiveCfg = Release|Any CPU
		{F00C4340-0357-40FF-B68E-558BA24AB42A}.Release|Any CPU.Build.0 = Release|Any CPU
		{F00C4340-0357-40FF-B68E-558BA24AB42A}.Release|x64.ActiveCfg = Release|Any CPU
		{F00C4340-0357-40FF-B68E-558BA24AB42A}.Release|x64.Build.0 = Release|Any CPU
		{F00C4340-0357-40FF-B68E-558BA24AB42A}.Release|x86.ActiveCfg = Release|Any CPU
		{F00C4340-0357-40FF-B68E-558BA24AB42A}.Release|x86.Build.0 = Release|Any CPU
		{8E28430D-BA13-4459-83F6-837EE93983B3}.Debug|Any CPU.ActiveCfg = Debug|Any CPU
		{8E28430D-BA13-4459-83F6-837EE93983B3}.Debug|Any CPU.Build.0 = Debug|Any CPU
		{8E28430D-BA13-4459-83F6-837EE93983B3}.Debug|x64.ActiveCfg = Debug|Any CPU
		{8E28430D-BA13-4459-83F6-837EE93983B3}.Debug|x64.Build.0 = Debug|Any CPU
		{8E28430D-BA13-4459-83F6-837EE93983B3}.Debug|x86.ActiveCfg = Debug|Any CPU
		{8E28430D-BA13-4459-83F6-837EE93983B3}.Debug|x86.Build.0 = Debug|Any CPU
		{8E28430D-BA13-4459-83F6-837EE93983B3}.Release|Any CPU.ActiveCfg = Release|Any CPU
		{8E28430D-BA13-4459-83F6-837EE93983B3}.Release|Any CPU.Build.0 = Release|Any CPU
		{8E28430D-BA13-4459-83F6-837EE93983B3}.Release|x64.ActiveCfg = Release|Any CPU
		{8E28430D-BA13-4459-83F6-837EE93983B3}.Release|x64.Build.0 = Release|Any CPU
		{8E28430D-BA13-4459-83F6-837EE93983B3}.Release|x86.ActiveCfg = Release|Any CPU
		{8E28430D-BA13-4459-83F6-837EE93983B3}.Release|x86.Build.0 = Release|Any CPU
		{51F64307-B084-451E-8CCD-25A2A1F8D5E7}.Debug|Any CPU.ActiveCfg = Debug|Any CPU
		{51F64307-B084-451E-8CCD-25A2A1F8D5E7}.Debug|Any CPU.Build.0 = Debug|Any CPU
		{51F64307-B084-451E-8CCD-25A2A1F8D5E7}.Debug|x64.ActiveCfg = Debug|Any CPU
		{51F64307-B084-451E-8CCD-25A2A1F8D5E7}.Debug|x64.Build.0 = Debug|Any CPU
		{51F64307-B084-451E-8CCD-25A2A1F8D5E7}.Debug|x86.ActiveCfg = Debug|Any CPU
		{51F64307-B084-451E-8CCD-25A2A1F8D5E7}.Debug|x86.Build.0 = Debug|Any CPU
		{51F64307-B084-451E-8CCD-25A2A1F8D5E7}.Release|Any CPU.ActiveCfg = Release|Any CPU
		{51F64307-B084-451E-8CCD-25A2A1F8D5E7}.Release|Any CPU.Build.0 = Release|Any CPU
		{51F64307-B084-451E-8CCD-25A2A1F8D5E7}.Release|x64.ActiveCfg = Release|Any CPU
		{51F64307-B084-451E-8CCD-25A2A1F8D5E7}.Release|x64.Build.0 = Release|Any CPU
		{51F64307-B084-451E-8CCD-25A2A1F8D5E7}.Release|x86.ActiveCfg = Release|Any CPU
		{51F64307-B084-451E-8CCD-25A2A1F8D5E7}.Release|x86.Build.0 = Release|Any CPU
		{A33FFC1E-5D6C-4680-B725-2E54726B6953}.Debug|Any CPU.ActiveCfg = Debug|Any CPU
		{A33FFC1E-5D6C-4680-B725-2E54726B6953}.Debug|Any CPU.Build.0 = Debug|Any CPU
		{A33FFC1E-5D6C-4680-B725-2E54726B6953}.Debug|x64.ActiveCfg = Debug|Any CPU
		{A33FFC1E-5D6C-4680-B725-2E54726B6953}.Debug|x64.Build.0 = Debug|Any CPU
		{A33FFC1E-5D6C-4680-B725-2E54726B6953}.Debug|x86.ActiveCfg = Debug|Any CPU
		{A33FFC1E-5D6C-4680-B725-2E54726B6953}.Debug|x86.Build.0 = Debug|Any CPU
		{A33FFC1E-5D6C-4680-B725-2E54726B6953}.Release|Any CPU.ActiveCfg = Release|Any CPU
		{A33FFC1E-5D6C-4680-B725-2E54726B6953}.Release|Any CPU.Build.0 = Release|Any CPU
		{A33FFC1E-5D6C-4680-B725-2E54726B6953}.Release|x64.ActiveCfg = Release|Any CPU
		{A33FFC1E-5D6C-4680-B725-2E54726B6953}.Release|x64.Build.0 = Release|Any CPU
		{A33FFC1E-5D6C-4680-B725-2E54726B6953}.Release|x86.ActiveCfg = Release|Any CPU
		{A33FFC1E-5D6C-4680-B725-2E54726B6953}.Release|x86.Build.0 = Release|Any CPU
	EndGlobalSection
	GlobalSection(NestedProjects) = preSolution
		{F00C4340-0357-40FF-B68E-558BA24AB42A} = {8E90FD4F-D463-4550-8EF0-46867B32F7D8}
		{8E28430D-BA13-4459-83F6-837EE93983B3} = {8E90FD4F-D463-4550-8EF0-46867B32F7D8}
		{51F64307-B084-451E-8CCD-25A2A1F8D5E7} = {8E90FD4F-D463-4550-8EF0-46867B32F7D8}
		{A33FFC1E-5D6C-4680-B725-2E54726B6953} = {8E90FD4F-D463-4550-8EF0-46867B32F7D8}
	EndGlobalSection
EndGlobal
